
Microsoft Visual Studio Solution File, Format Version 12.00
# Visual Studio Version 17
VisualStudioVersion = 17.4.33122.133
MinimumVisualStudioVersion = 10.0.40219.1
Project("{9A19103F-16F7-4668-BE54-9A1E7A4F7556}") = "Scaffolding", "Scaffolding\Scaffolding.csproj", "{4BD115C2-4838-41FA-840A-7F57CCCC5B7A}"
EndProject
Project("{9A19103F-16F7-4668-BE54-9A1E7A4F7556}") = "Scaffolding.Logging", "Scaffolding.Logging\Scaffolding.Logging.csproj", "{C1E7E180-1222-4F99-98A7-69B0AE2C8CB8}"
EndProject
Project("{9A19103F-16F7-4668-BE54-9A1E7A4F7556}") = "Scaffolding.Shared", "Scaffolding.Shared\Scaffolding.Shared.csproj", "{B52C98FD-6C4E-4B4A-BB19-98D29DE1F9FD}"
EndProject
Project("{FAE04EC0-301F-11D3-BF4B-00C04F79EFBC}") = "Scaffolding.Configuration", "Scaffolding.Configuration\Scaffolding.Configuration.csproj", "{8AE234D6-D794-4AE5-9C86-2E50FB8132D5}"
EndProject
Global
	GlobalSection(SolutionConfigurationPlatforms) = preSolution
		Debug|Any CPU = Debug|Any CPU
		Release|Any CPU = Release|Any CPU
	EndGlobalSection
	GlobalSection(ProjectConfigurationPlatforms) = postSolution
		{4BD115C2-4838-41FA-840A-7F57CCCC5B7A}.Debug|Any CPU.ActiveCfg = Debug|Any CPU
		{4BD115C2-4838-41FA-840A-7F57CCCC5B7A}.Debug|Any CPU.Build.0 = Debug|Any CPU
		{4BD115C2-4838-41FA-840A-7F57CCCC5B7A}.Release|Any CPU.ActiveCfg = Release|Any CPU
		{4BD115C2-4838-41FA-840A-7F57CCCC5B7A}.Release|Any CPU.Build.0 = Release|Any CPU
		{C1E7E180-1222-4F99-98A7-69B0AE2C8CB8}.Debug|Any CPU.ActiveCfg = Debug|Any CPU
		{C1E7E180-1222-4F99-98A7-69B0AE2C8CB8}.Debug|Any CPU.Build.0 = Debug|Any CPU
		{C1E7E180-1222-4F99-98A7-69B0AE2C8CB8}.Release|Any CPU.ActiveCfg = Release|Any CPU
		{C1E7E180-1222-4F99-98A7-69B0AE2C8CB8}.Release|Any CPU.Build.0 = Release|Any CPU
		{B52C98FD-6C4E-4B4A-BB19-98D29DE1F9FD}.Debug|Any CPU.ActiveCfg = Debug|Any CPU
		{B52C98FD-6C4E-4B4A-BB19-98D29DE1F9FD}.Debug|Any CPU.Build.0 = Debug|Any CPU
		{B52C98FD-6C4E-4B4A-BB19-98D29DE1F9FD}.Release|Any CPU.ActiveCfg = Release|Any CPU
		{B52C98FD-6C4E-4B4A-BB19-98D29DE1F9FD}.Release|Any CPU.Build.0 = Release|Any CPU
		{8AE234D6-D794-4AE5-9C86-2E50FB8132D5}.Debug|Any CPU.ActiveCfg = Debug|Any CPU
		{8AE234D6-D794-4AE5-9C86-2E50FB8132D5}.Debug|Any CPU.Build.0 = Debug|Any CPU
		{8AE234D6-D794-4AE5-9C86-2E50FB8132D5}.Release|Any CPU.ActiveCfg = Release|Any CPU
		{8AE234D6-D794-4AE5-9C86-2E50FB8132D5}.Release|Any CPU.Build.0 = Release|Any CPU
	EndGlobalSection
	GlobalSection(SolutionProperties) = preSolution
		HideSolutionNode = FALSE
	EndGlobalSection
	GlobalSection(ExtensibilityGlobals) = postSolution
		SolutionGuid = {292857D8-236D-439B-8525-35046611AFE8}
	EndGlobalSection
EndGlobal
